<?xml version="1.0" encoding="utf-8"?>
<Project ToolsVersion="4.0" xmlns="http://schemas.microsoft.com/developer/msbuild/2003">
  <ItemGroup>
    <Filter Include="Файлы ресурсов">
      <UniqueIdentifier>{67DA6AB6-F800-4c08-8B7A-83BB121AAD01}</UniqueIdentifier>
      <Extensions>rc;ico;cur;bmp;dlg;rc2;rct;bin;rgs;gif;jpg;jpeg;jpe;resx;tiff;tif;png;wav;mfcribbon-ms</Extensions>
    </Filter>
    <Filter Include="inc">
      <UniqueIdentifier>{93995380-89BD-4b04-88EB-625FBE52EBFB}</UniqueIdentifier>
      <Extensions>h;hpp;hxx;hm;inl;inc;xsd</Extensions>
    </Filter>
    <Filter Include="src">
      <UniqueIdentifier>{4FC737F1-C7A5-4376-A066-2A32D752A2FF}</UniqueIdentifier>
      <Extensions>cpp;c;cc;cxx;def;odl;idl;hpj;bat;asm;asmx</Extensions>
    </Filter>
    <Filter Include="lib">
      <UniqueIdentifier>{fc14514e-8cdd-42e0-aeaa-7c96ca1cef33}</UniqueIdentifier>
    </Filter>
    <Filter Include="lib\inc">
      <UniqueIdentifier>{9ce1e35f-d3d5-4187-907e-2f4f4bb3902c}</UniqueIdentifier>
    </Filter>
    <Filter Include="lib\src">
      <UniqueIdentifier>{196cf4cc-ffeb-4ec8-9eac-8037e75bf95a}</UniqueIdentifier>
    </Filter>
  </ItemGroup>
  <ItemGroup>
    <ClCompile Include="src\tvision.cpp">
      <Filter>src</Filter>
    </ClCompile>
    <ClCompile Include="src\netprocess.cpp">
      <Filter>src</Filter>
    </ClCompile>
    <ClCompile Include="src\videoprocess.cpp">
      <Filter>src</Filter>
    </ClCompile>
    <ClCompile Include="src\voiceprocess.cpp">
      <Filter>src</Filter>
    </ClCompile>
    <ClCompile Include="src\taskprocess.cpp">
      <Filter>src</Filter>
    </ClCompile>
    <ClCompile Include="src\vcapprocess.cpp">
      <Filter>src</Filter>
    </ClCompile>
    <ClCompile Include="lib\src\fft.cpp">
      <Filter>lib\src</Filter>
    </ClCompile>
  </ItemGroup>
  <ItemGroup>
    <ClInclude Include="inc\threadpool.h">
      <Filter>inc</Filter>
    </ClInclude>
    <ClInclude Include="inc\netprocess.h">
      <Filter>inc</Filter>
    </ClInclude>
    <ClInclude Include="inc\taskprocess.h">
      <Filter>inc</Filter>
    </ClInclude>
    <ClInclude Include="inc\videoprocess.h">
      <Filter>inc</Filter>
    </ClInclude>
    <ClInclude Include="inc\voiceprocess.h">
      <Filter>inc</Filter>
    </ClInclude>
    <ClInclude Include="inc\vcapprocess.h">
      <Filter>inc</Filter>
    </ClInclude>
    <ClInclude Include="inc\shareddata.h">
      <Filter>inc</Filter>
    </ClInclude>
    <ClInclude Include="lib\inc\fft.h">
      <Filter>lib\inc</Filter>
    </ClInclude>
  </ItemGroup>
</Project>